
Microsoft Visual Studio Solution File, Format Version 12.00
# Visual Studio Version 17
VisualStudioVersion = 17.14.36511.14 d17.14
MinimumVisualStudioVersion = 10.0.40219.1
Project("{FAE04EC0-301F-11D3-BF4B-00C04F79EFBC}") = "revo-suplementos", "revo-suplementos.csproj", "{694145FA-910F-2934-9EE2-E7A633758815}"
EndProject
Global
	GlobalSection(SolutionConfigurationPlatforms) = preSolution
		Debug|Any CPU = Debug|Any CPU
		Release|Any CPU = Release|Any CPU
	EndGlobalSection
	GlobalSection(ProjectConfigurationPlatforms) = postSolution
		{694145FA-910F-2934-9EE2-E7A633758815}.Debug|Any CPU.ActiveCfg = Debug|Any CPU
		{694145FA-910F-2934-9EE2-E7A633758815}.Debug|Any CPU.Build.0 = Debug|Any CPU
		{694145FA-910F-2934-9EE2-E7A633758815}.Release|Any CPU.ActiveCfg = Release|Any CPU
		{694145FA-910F-2934-9EE2-E7A633758815}.Release|Any CPU.Build.0 = Release|Any CPU
	EndGlobalSection
	GlobalSection(SolutionProperties) = preSolution
		HideSolutionNode = FALSE
	EndGlobalSection
	GlobalSection(ExtensibilityGlobals) = postSolution
		SolutionGuid = {700D8D8F-952A-4FEB-B709-C3CA82CF84BE}
	EndGlobalSection
EndGlobal
